
Microsoft Visual Studio Solution File, Format Version 12.00
# Visual Studio Version 17
VisualStudioVersion = 17.3.32929.385
MinimumVisualStudioVersion = 10.0.40219.1
Project("{FAE04EC0-301F-11D3-BF4B-00C04F79EFBC}") = "MovieService", "MovieService\MovieService.csproj", "{B57831E4-6E81-44E3-AB30-215EE3A2F9CF}"
EndProject
Global
	GlobalSection(SolutionConfigurationPlatforms) = preSolution
		Debug|Any CPU = Debug|Any CPU
		Release|Any CPU = Release|Any CPU
	EndGlobalSection
	GlobalSection(ProjectConfigurationPlatforms) = postSolution
		{B57831E4-6E81-44E3-AB30-215EE3A2F9CF}.Debug|Any CPU.ActiveCfg = Debug|Any CPU
		{B57831E4-6E81-44E3-AB30-215EE3A2F9CF}.Debug|Any CPU.Build.0 = Debug|Any CPU
		{B57831E4-6E81-44E3-AB30-215EE3A2F9CF}.Release|Any CPU.ActiveCfg = Release|Any CPU
		{B57831E4-6E81-44E3-AB30-215EE3A2F9CF}.Release|Any CPU.Build.0 = Release|Any CPU
	EndGlobalSection
	GlobalSection(SolutionProperties) = preSolution
		HideSolutionNode = FALSE
	EndGlobalSection
	GlobalSection(ExtensibilityGlobals) = postSolution
		SolutionGuid = {1DD2970E-2BE0-486A-A0B8-0A8B0F22B13A}
	EndGlobalSection
EndGlobal
